{
  "name": "studyroom",
  "version": "1.0.0",
  "lockfileVersion": 1,
  "requires": true,
  "dependencies": {
    "@vant/weapp": {
      "version": "1.10.11",
      "resolved": "https://registry.npmmirror.com/@vant/weapp/-/weapp-1.10.11.tgz",
      "integrity": "sha512-ESJfvagXQyANuhxLa7wf0viGFt7n3ILMZnNXphLwBAf2ftO3zRmy09z/BSDjBxN1UDlNvacKw6X4SRAHZA2zHA=="
    }
  }
}
